
Microsoft Visual Studio Solution File, Format Version 12.00
# Visual Studio Version 17
VisualStudioVersion = 17.5.33530.505
MinimumVisualStudioVersion = 10.0.40219.1
Project("{FAE04EC0-301F-11D3-BF4B-00C04F79EFBC}") = "StudentManagementAPI", "StudentManagementAPI\StudentManagementAPI.csproj", "{45FF7F9C-6A79-444E-ADBC-0F45FCAA9CF7}"
EndProject
Global
	GlobalSection(SolutionConfigurationPlatforms) = preSolution
		Debug|Any CPU = Debug|Any CPU
		Release|Any CPU = Release|Any CPU
	EndGlobalSection
	GlobalSection(ProjectConfigurationPlatforms) = postSolution
		{45FF7F9C-6A79-444E-ADBC-0F45FCAA9CF7}.Debug|Any CPU.ActiveCfg = Debug|Any CPU
		{45FF7F9C-6A79-444E-ADBC-0F45FCAA9CF7}.Debug|Any CPU.Build.0 = Debug|Any CPU
		{45FF7F9C-6A79-444E-ADBC-0F45FCAA9CF7}.Release|Any CPU.ActiveCfg = Release|Any CPU
		{45FF7F9C-6A79-444E-ADBC-0F45FCAA9CF7}.Release|Any CPU.Build.0 = Release|Any CPU
	EndGlobalSection
	GlobalSection(SolutionProperties) = preSolution
		HideSolutionNode = FALSE
	EndGlobalSection
	GlobalSection(ExtensibilityGlobals) = postSolution
		SolutionGuid = {B0EBC851-A540-4387-A588-EB4CDCEC7793}
	EndGlobalSection
EndGlobal
